// !$*UTF8*$!
{
	archiveVersion = 1;
	classes = {
	};
	objectVersion = 56;
	objects = {

/* Begin PBXBuildFile section */
		632BEC512A3CF8F5001DE890 /* PasswordStatsCriteria.swift in Sources */ = {isa = PBXBuildFile; fileRef = 632BEC502A3CF8F5001DE890 /* PasswordStatsCriteria.swift */; };
		632BEC542A3EF37B001DE890 /* UIResponder+Utils.swift in Sources */ = {isa = PBXBuildFile; fileRef = 632BEC532A3EF37B001DE890 /* UIResponder+Utils.swift */; };
		632BEC632A3FA55B001DE890 /* PasswordStatsCriteriaTests.swift in Sources */ = {isa = PBXBuildFile; fileRef = 632BEC622A3FA55B001DE890 /* PasswordStatsCriteriaTests.swift */; };
		632BEC652A3FAB4D001DE890 /* PasswordStatusViewTests.swift in Sources */ = {isa = PBXBuildFile; fileRef = 632BEC642A3FAB4D001DE890 /* PasswordStatusViewTests.swift */; };
		63A13B6E2A39CBEB00285909 /* AppDelegate.swift in Sources */ = {isa = PBXBuildFile; fileRef = 63A13B6D2A39CBEB00285909 /* AppDelegate.swift */; };
		63A13B722A39CBEB00285909 /* ViewController.swift in Sources */ = {isa = PBXBuildFile; fileRef = 63A13B712A39CBEB00285909 /* ViewController.swift */; };
		63A13B772A39CBED00285909 /* Assets.xcassets in Resources */ = {isa = PBXBuildFile; fileRef = 63A13B762A39CBED00285909 /* Assets.xcassets */; };
		63A13B7A2A39CBED00285909 /* LaunchScreen.storyboard in Resources */ = {isa = PBXBuildFile; fileRef = 63A13B782A39CBED00285909 /* LaunchScreen.storyboard */; };
		63A13B852A3A4FC200285909 /* PasswordTextField.swift in Sources */ = {isa = PBXBuildFile; fileRef = 63A13B842A3A4FC200285909 /* PasswordTextField.swift */; };
		63A13B872A3B8FCA00285909 /* StatusLineView.swift in Sources */ = {isa = PBXBuildFile; fileRef = 63A13B862A3B8FCA00285909 /* StatusLineView.swift */; };
		63A13B8A2A3BAB3F00285909 /* PasswordStatusView.swift in Sources */ = {isa = PBXBuildFile; fileRef = 63A13B892A3BAB3F00285909 /* PasswordStatusView.swift */; };
/* End PBXBuildFile section */

/* Begin PBXContainerItemProxy section */
		632BEC5D2A3FA479001DE890 /* PBXContainerItemProxy */ = {
			isa = PBXContainerItemProxy;
			containerPortal = 63A13B622A39CBEB00285909 /* Project object */;
			proxyType = 1;
			remoteGlobalIDString = 63A13B692A39CBEB00285909;
			remoteInfo = Password;
		};
/* End PBXContainerItemProxy section */

/* Begin PBXFileReference section */
		632BEC502A3CF8F5001DE890 /* PasswordStatsCriteria.swift */ = {isa = PBXFileReference; lastKnownFileType = sourcecode.swift; path = PasswordStatsCriteria.swift; sourceTree = "<group>"; };
		632BEC532A3EF37B001DE890 /* UIResponder+Utils.swift */ = {isa = PBXFileReference; lastKnownFileType = sourcecode.swift; path = "UIResponder+Utils.swift"; sourceTree = "<group>"; };
		632BEC592A3FA479001DE890 /* PasswordTests.xctest */ = {isa = PBXFileReference; explicitFileType = wrapper.cfbundle; includeInIndex = 0; path = PasswordTests.xctest; sourceTree = BUILT_PRODUCTS_DIR; };
		632BEC622A3FA55B001DE890 /* PasswordStatsCriteriaTests.swift */ = {isa = PBXFileReference; lastKnownFileType = sourcecode.swift; path = PasswordStatsCriteriaTests.swift; sourceTree = "<group>"; };
		632BEC642A3FAB4D001DE890 /* PasswordStatusViewTests.swift */ = {isa = PBXFileReference; lastKnownFileType = sourcecode.swift; path = PasswordStatusViewTests.swift; sourceTree = "<group>"; };
		63A13B6A2A39CBEB00285909 /* Password.app */ = {isa = PBXFileReference; explicitFileType = wrapper.application; includeInIndex = 0; path = Password.app; sourceTree = BUILT_PRODUCTS_DIR; };
		63A13B6D2A39CBEB00285909 /* AppDelegate.swift */ = {isa = PBXFileReference; lastKnownFileType = sourcecode.swift; path = AppDelegate.swift; sourceTree = "<group>"; };
		63A13B712A39CBEB00285909 /* ViewController.swift */ = {isa = PBXFileReference; lastKnownFileType = sourcecode.swift; path = ViewController.swift; sourceTree = "<group>"; };
		63A13B762A39CBED00285909 /* Assets.xcassets */ = {isa = PBXFileReference; lastKnownFileType = folder.assetcatalog; path = Assets.xcassets; sourceTree = "<group>"; };
		63A13B792A39CBED00285909 /* Base */ = {isa = PBXFileReference; lastKnownFileType = file.storyboard; name = Base; path = Base.lproj/LaunchScreen.storyboard; sourceTree = "<group>"; };
		63A13B7B2A39CBED00285909 /* Info.plist */ = {isa = PBXFileReference; lastKnownFileType = text.plist.xml; path = Info.plist; sourceTree = "<group>"; };
		63A13B842A3A4FC200285909 /* PasswordTextField.swift */ = {isa = PBXFileReference; lastKnownFileType = sourcecode.swift; path = PasswordTextField.swift; sourceTree = "<group>"; };
		63A13B862A3B8FCA00285909 /* StatusLineView.swift */ = {isa = PBXFileReference; lastKnownFileType = sourcecode.swift; path = StatusLineView.swift; sourceTree = "<group>"; };
		63A13B892A3BAB3F00285909 /* PasswordStatusView.swift */ = {isa = PBXFileReference; lastKnownFileType = sourcecode.swift; path = PasswordStatusView.swift; sourceTree = "<group>"; };
/* End PBXFileReference section */

/* Begin PBXFrameworksBuildPhase section */
		632BEC562A3FA479001DE890 /* Frameworks */ = {
			isa = PBXFrameworksBuildPhase;
			buildActionMask = 2147483647;
			files = (
			);
			runOnlyForDeploymentPostprocessing = 0;
		};
		63A13B672A39CBEB00285909 /* Frameworks */ = {
			isa = PBXFrameworksBuildPhase;
			buildActionMask = 2147483647;
			files = (
			);
			runOnlyForDeploymentPostprocessing = 0;
		};
/* End PBXFrameworksBuildPhase section */

/* Begin PBXGroup section */
		632BEC522A3EF34B001DE890 /* Utils */ = {
			isa = PBXGroup;
			children = (
				632BEC532A3EF37B001DE890 /* UIResponder+Utils.swift */,
			);
			name = Utils;
			sourceTree = "<group>";
		};
		632BEC5A2A3FA479001DE890 /* PasswordTests */ = {
			isa = PBXGroup;
			children = (
				632BEC622A3FA55B001DE890 /* PasswordStatsCriteriaTests.swift */,
				632BEC642A3FAB4D001DE890 /* PasswordStatusViewTests.swift */,
			);
			path = PasswordTests;
			sourceTree = "<group>";
		};
		63A13B612A39CBEB00285909 = {
			isa = PBXGroup;
			children = (
				63A13B6C2A39CBEB00285909 /* Password */,
				632BEC5A2A3FA479001DE890 /* PasswordTests */,
				63A13B6B2A39CBEB00285909 /* Products */,
			);
			sourceTree = "<group>";
		};
		63A13B6B2A39CBEB00285909 /* Products */ = {
			isa = PBXGroup;
			children = (
				63A13B6A2A39CBEB00285909 /* Password.app */,
				632BEC592A3FA479001DE890 /* PasswordTests.xctest */,
			);
			name = Products;
			sourceTree = "<group>";
		};
		63A13B6C2A39CBEB00285909 /* Password */ = {
			isa = PBXGroup;
			children = (
				63A13B812A39E65700285909 /* Files */,
				63A13B6D2A39CBEB00285909 /* AppDelegate.swift */,
				63A13B712A39CBEB00285909 /* ViewController.swift */,
				63A13B842A3A4FC200285909 /* PasswordTextField.swift */,
				63A13B882A3B997F00285909 /* PasswordStatusView */,
				632BEC522A3EF34B001DE890 /* Utils */,
			);
			path = Password;
			sourceTree = "<group>";
		};
		63A13B812A39E65700285909 /* Files */ = {
			isa = PBXGroup;
			children = (
				63A13B782A39CBED00285909 /* LaunchScreen.storyboard */,
				63A13B7B2A39CBED00285909 /* Info.plist */,
				63A13B762A39CBED00285909 /* Assets.xcassets */,
			);
			name = Files;
			sourceTree = "<group>";
		};
		63A13B882A3B997F00285909 /* PasswordStatusView */ = {
			isa = PBXGroup;
			children = (
				63A13B892A3BAB3F00285909 /* PasswordStatusView.swift */,
				63A13B862A3B8FCA00285909 /* StatusLineView.swift */,
				632BEC502A3CF8F5001DE890 /* PasswordStatsCriteria.swift */,
			);
			path = PasswordStatusView;
			sourceTree = "<group>";
		};
/* End PBXGroup section */

/* Begin PBXNativeTarget section */
		632BEC582A3FA479001DE890 /* PasswordTests */ = {
			isa = PBXNativeTarget;
			buildConfigurationList = 632BEC5F2A3FA479001DE890 /* Build configuration list for PBXNativeTarget "PasswordTests" */;
			buildPhases = (
				632BEC552A3FA479001DE890 /* Sources */,
				632BEC562A3FA479001DE890 /* Frameworks */,
				632BEC572A3FA479001DE890 /* Resources */,
			);
			buildRules = (
			);
			dependencies = (
				632BEC5E2A3FA479001DE890 /* PBXTargetDependency */,
			);
			name = PasswordTests;
			productName = PasswordTests;
			productReference = 632BEC592A3FA479001DE890 /* PasswordTests.xctest */;
			productType = "com.apple.product-type.bundle.unit-test";
		};
		63A13B692A39CBEB00285909 /* Password */ = {
			isa = PBXNativeTarget;
			buildConfigurationList = 63A13B7E2A39CBED00285909 /* Build configuration list for PBXNativeTarget "Password" */;
			buildPhases = (
				63A13B662A39CBEB00285909 /* Sources */,
				63A13B672A39CBEB00285909 /* Frameworks */,
				63A13B682A39CBEB00285909 /* Resources */,
			);
			buildRules = (
			);
			dependencies = (
			);
			name = Password;
			productName = Password;
			productReference = 63A13B6A2A39CBEB00285909 /* Password.app */;
			productType = "com.apple.product-type.application";
		};
/* End PBXNativeTarget section */

/* Begin PBXProject section */
		63A13B622A39CBEB00285909 /* Project object */ = {
			isa = PBXProject;
			attributes = {
				BuildIndependentTargetsInParallel = 1;
				LastSwiftUpdateCheck = 1430;
				LastUpgradeCheck = 1430;
				TargetAttributes = {
					632BEC582A3FA479001DE890 = {
						CreatedOnToolsVersion = 14.3.1;
						LastSwiftMigration = 1430;
						TestTargetID = 63A13B692A39CBEB00285909;
					};
					63A13B692A39CBEB00285909 = {
						CreatedOnToolsVersion = 14.3.1;
					};
				};
			};
			buildConfigurationList = 63A13B652A39CBEB00285909 /* Build configuration list for PBXProject "Password" */;
			compatibilityVersion = "Xcode 14.0";
			developmentRegion = en;
			hasScannedForEncodings = 0;
			knownRegions = (
				en,
				Base,
			);
			mainGroup = 63A13B612A39CBEB00285909;
			productRefGroup = 63A13B6B2A39CBEB00285909 /* Products */;
			projectDirPath = "";
			projectRoot = "";
			targets = (
				63A13B692A39CBEB00285909 /* Password */,
				632BEC582A3FA479001DE890 /* PasswordTests */,
			);
		};
/* End PBXProject section */

/* Begin PBXResourcesBuildPhase section */
		632BEC572A3FA479001DE890 /* Resources */ = {
			isa = PBXResourcesBuildPhase;
			buildActionMask = 2147483647;
			files = (
			);
			runOnlyForDeploymentPostprocessing = 0;
		};
		63A13B682A39CBEB00285909 /* Resources */ = {
			isa = PBXResourcesBuildPhase;
			buildActionMask = 2147483647;
			files = (
				63A13B7A2A39CBED00285909 /* LaunchScreen.storyboard in Resources */,
				63A13B772A39CBED00285909 /* Assets.xcassets in Resources */,
			);
			runOnlyForDeploymentPostprocessing = 0;
		};
/* End PBXResourcesBuildPhase section */

/* Begin PBXSourcesBuildPhase section */
		632BEC552A3FA479001DE890 /* Sources */ = {
			isa = PBXSourcesBuildPhase;
			buildActionMask = 2147483647;
			files = (
				632BEC632A3FA55B001DE890 /* PasswordStatsCriteriaTests.swift in Sources */,
				632BEC652A3FAB4D001DE890 /* PasswordStatusViewTests.swift in Sources */,
			);
			runOnlyForDeploymentPostprocessing = 0;
		};
		63A13B662A39CBEB00285909 /* Sources */ = {
			isa = PBXSourcesBuildPhase;
			buildActionMask = 2147483647;
			files = (
				63A13B722A39CBEB00285909 /* ViewController.swift in Sources */,
				632BEC542A3EF37B001DE890 /* UIResponder+Utils.swift in Sources */,
				63A13B852A3A4FC200285909 /* PasswordTextField.swift in Sources */,
				63A13B872A3B8FCA00285909 /* StatusLineView.swift in Sources */,
				632BEC512A3CF8F5001DE890 /* PasswordStatsCriteria.swift in Sources */,
				63A13B8A2A3BAB3F00285909 /* PasswordStatusView.swift in Sources */,
				63A13B6E2A39CBEB00285909 /* AppDelegate.swift in Sources */,
			);
			runOnlyForDeploymentPostprocessing = 0;
		};
/* End PBXSourcesBuildPhase section */

/* Begin PBXTargetDependency section */
		632BEC5E2A3FA479001DE890 /* PBXTargetDependency */ = {
			isa = PBXTargetDependency;
			target = 63A13B692A39CBEB00285909 /* Password */;
			targetProxy = 632BEC5D2A3FA479001DE890 /* PBXContainerItemProxy */;
		};
/* End PBXTargetDependency section */

/* Begin PBXVariantGroup section */
		63A13B782A39CBED00285909 /* LaunchScreen.storyboard */ = {
			isa = PBXVariantGroup;
			children = (
				63A13B792A39CBED00285909 /* Base */,
			);
			name = LaunchScreen.storyboard;
			sourceTree = "<group>";
		};
/* End PBXVariantGroup section */

/* Begin XCBuildConfiguration section */
		632BEC602A3FA479001DE890 /* Debug */ = {
			isa = XCBuildConfiguration;
			buildSettings = {
				BUNDLE_LOADER = "$(TEST_HOST)";
				CLANG_ENABLE_MODULES = YES;
				CODE_SIGN_STYLE = Automatic;
				CURRENT_PROJECT_VERSION = 1;
				DEVELOPMENT_TEAM = B34M97ZY6W;
				GENERATE_INFOPLIST_FILE = YES;
				IPHONEOS_DEPLOYMENT_TARGET = 16.4;
				MARKETING_VERSION = 1.0;
				PRODUCT_BUNDLE_IDENTIFIER = foranewlife.PasswordTests;
				PRODUCT_NAME = "$(TARGET_NAME)";
				SWIFT_EMIT_LOC_STRINGS = NO;
				SWIFT_OPTIMIZATION_LEVEL = "-Onone";
				SWIFT_VERSION = 5.0;
				TARGETED_DEVICE_FAMILY = "1,2";
				TEST_HOST = "$(BUILT_PRODUCTS_DIR)/Password.app/$(BUNDLE_EXECUTABLE_FOLDER_PATH)/Password";
			};
			name = Debug;
		};
		632BEC612A3FA479001DE890 /* Release */ = {
			isa = XCBuildConfiguration;
			buildSettings = {
				BUNDLE_LOADER = "$(TEST_HOST)";
				CLANG_ENABLE_MODULES = YES;
				CODE_SIGN_STYLE = Automatic;
				CURRENT_PROJECT_VERSION = 1;
				DEVELOPMENT_TEAM = B34M97ZY6W;
				GENERATE_INFOPLIST_FILE = YES;
				IPHONEOS_DEPLOYMENT_TARGET = 16.4;
				MARKETING_VERSION = 1.0;
				PRODUCT_BUNDLE_IDENTIFIER = foranewlife.PasswordTests;
				PRODUCT_NAME = "$(TARGET_NAME)";
				SWIFT_EMIT_LOC_STRINGS = NO;
				SWIFT_VERSION = 5.0;
				TARGETED_DEVICE_FAMILY = "1,2";
				TEST_HOST = "$(BUILT_PRODUCTS_DIR)/Password.app/$(BUNDLE_EXECUTABLE_FOLDER_PATH)/Password";
			};
			name = Release;
		};
		63A13B7C2A39CBED00285909 /* Debug */ = {
			isa = XCBuildConfiguration;
			buildSettings = {
				ALWAYS_SEARCH_USER_PATHS = NO;
				CLANG_ANALYZER_NONNULL = YES;
				CLANG_ANALYZER_NUMBER_OBJECT_CONVERSION = YES_AGGRESSIVE;
				CLANG_CXX_LANGUAGE_STANDARD = "gnu++20";
				CLANG_ENABLE_MODULES = YES;
				CLANG_ENABLE_OBJC_ARC = YES;
				CLANG_ENABLE_OBJC_WEAK = YES;
				CLANG_WARN_BLOCK_CAPTURE_AUTORELEASING = YES;
				CLANG_WARN_BOOL_CONVERSION = YES;
				CLANG_WARN_COMMA = YES;
				CLANG_WARN_CONSTANT_CONVERSION = YES;
				CLANG_WARN_DEPRECATED_OBJC_IMPLEMENTATIONS = YES;
				CLANG_WARN_DIRECT_OBJC_ISA_USAGE = YES_ERROR;
				CLANG_WARN_DOCUMENTATION_COMMENTS = YES;
				CLANG_WARN_EMPTY_BODY = YES;
				CLANG_WARN_ENUM_CONVERSION = YES;
				CLANG_WARN_INFINITE_RECURSION = YES;
				CLANG_WARN_INT_CONVERSION = YES;
				CLANG_WARN_NON_LITERAL_NULL_CONVERSION = YES;
				CLANG_WARN_OBJC_IMPLICIT_RETAIN_SELF = YES;
				CLANG_WARN_OBJC_LITERAL_CONVERSION = YES;
				CLANG_WARN_OBJC_ROOT_CLASS = YES_ERROR;
				CLANG_WARN_QUOTED_INCLUDE_IN_FRAMEWORK_HEADER = YES;
				CLANG_WARN_RANGE_LOOP_ANALYSIS = YES;
				CLANG_WARN_STRICT_PROTOTYPES = YES;
				CLANG_WARN_SUSPICIOUS_MOVE = YES;
				CLANG_WARN_UNGUARDED_AVAILABILITY = YES_AGGRESSIVE;
				CLANG_WARN_UNREACHABLE_CODE = YES;
				CLANG_WARN__DUPLICATE_METHOD_MATCH = YES;
				COPY_PHASE_STRIP = NO;
				DEBUG_INFORMATION_FORMAT = dwarf;
				ENABLE_STRICT_OBJC_MSGSEND = YES;
				ENABLE_TESTABILITY = YES;
				GCC_C_LANGUAGE_STANDARD = gnu11;
				GCC_DYNAMIC_NO_PIC = NO;
				GCC_NO_COMMON_BLOCKS = YES;
				GCC_OPTIMIZATION_LEVEL = 0;
				GCC_PREPROCESSOR_DEFINITIONS = (
					"DEBUG=1",
					"$(inherited)",
				);
				GCC_WARN_64_TO_32_BIT_CONVERSION = YES;
				GCC_WARN_ABOUT_RETURN_TYPE = YES_ERROR;
				GCC_WARN_UNDECLARED_SELECTOR = YES;
				GCC_WARN_UNINITIALIZED_AUTOS = YES_AGGRESSIVE;
				GCC_WARN_UNUSED_FUNCTION = YES;
				GCC_WARN_UNUSED_VARIABLE = YES;
				INFOPLIST_KEY_UIMainStoryboardFile = "";
				IPHONEOS_DEPLOYMENT_TARGET = 14.0;
				MTL_ENABLE_DEBUG_INFO = INCLUDE_SOURCE;
				MTL_FAST_MATH = YES;
				ONLY_ACTIVE_ARCH = YES;
				SDKROOT = iphoneos;
				SWIFT_ACTIVE_COMPILATION_CONDITIONS = DEBUG;
				SWIFT_OPTIMIZATION_LEVEL = "-Onone";
			};
			name = Debug;
		};
		63A13B7D2A39CBED00285909 /* Release */ = {
			isa = XCBuildConfiguration;
			buildSettings = {
				ALWAYS_SEARCH_USER_PATHS = NO;
				CLANG_ANALYZER_NONNULL = YES;
				CLANG_ANALYZER_NUMBER_OBJECT_CONVERSION = YES_AGGRESSIVE;
				CLANG_CXX_LANGUAGE_STANDARD = "gnu++20";
				CLANG_ENABLE_MODULES = YES;
				CLANG_ENABLE_OBJC_ARC = YES;
				CLANG_ENABLE_OBJC_WEAK = YES;
				CLANG_WARN_BLOCK_CAPTURE_AUTORELEASING = YES;
				CLANG_WARN_BOOL_CONVERSION = YES;
				CLANG_WARN_COMMA = YES;
				CLANG_WARN_CONSTANT_CONVERSION = YES;
				CLANG_WARN_DEPRECATED_OBJC_IMPLEMENTATIONS = YES;
				CLANG_WARN_DIRECT_OBJC_ISA_USAGE = YES_ERROR;
				CLANG_WARN_DOCUMENTATION_COMMENTS = YES;
				CLANG_WARN_EMPTY_BODY = YES;
				CLANG_WARN_ENUM_CONVERSION = YES;
				CLANG_WARN_INFINITE_RECURSION = YES;
				CLANG_WARN_INT_CONVERSION = YES;
				CLANG_WARN_NON_LITERAL_NULL_CONVERSION = YES;
				CLANG_WARN_OBJC_IMPLICIT_RETAIN_SELF = YES;
				CLANG_WARN_OBJC_LITERAL_CONVERSION = YES;
				CLANG_WARN_OBJC_ROOT_CLASS = YES_ERROR;
				CLANG_WARN_QUOTED_INCLUDE_IN_FRAMEWORK_HEADER = YES;
				CLANG_WARN_RANGE_LOOP_ANALYSIS = YES;
				CLANG_WARN_STRICT_PROTOTYPES = YES;
				CLANG_WARN_SUSPICIOUS_MOVE = YES;
				CLANG_WARN_UNGUARDED_AVAILABILITY = YES_AGGRESSIVE;
				CLANG_WARN_UNREACHABLE_CODE = YES;
				CLANG_WARN__DUPLICATE_METHOD_MATCH = YES;
				COPY_PHASE_STRIP = NO;
				DEBUG_INFORMATION_FORMAT = "dwarf-with-dsym";
				ENABLE_NS_ASSERTIONS = NO;
				ENABLE_STRICT_OBJC_MSGSEND = YES;
				GCC_C_LANGUAGE_STANDARD = gnu11;
				GCC_NO_COMMON_BLOCKS = YES;
				GCC_WARN_64_TO_32_BIT_CONVERSION = YES;
				GCC_WARN_ABOUT_RETURN_TYPE = YES_ERROR;
				GCC_WARN_UNDECLARED_SELECTOR = YES;
				GCC_WARN_UNINITIALIZED_AUTOS = YES_AGGRESSIVE;
				GCC_WARN_UNUSED_FUNCTION = YES;
				GCC_WARN_UNUSED_VARIABLE = YES;
				INFOPLIST_KEY_UIMainStoryboardFile = "";
				IPHONEOS_DEPLOYMENT_TARGET = 14.0;
				MTL_ENABLE_DEBUG_INFO = NO;
				MTL_FAST_MATH = YES;
				SDKROOT = iphoneos;
				SWIFT_COMPILATION_MODE = wholemodule;
				SWIFT_OPTIMIZATION_LEVEL = "-O";
				VALIDATE_PRODUCT = YES;
			};
			name = Release;
		};
		63A13B7F2A39CBED00285909 /* Debug */ = {
			isa = XCBuildConfiguration;
			buildSettings = {
				ASSETCATALOG_COMPILER_APPICON_NAME = AppIcon;
				ASSETCATALOG_COMPILER_GLOBAL_ACCENT_COLOR_NAME = AccentColor;
				CODE_SIGN_STYLE = Automatic;
				CURRENT_PROJECT_VERSION = 1;
				DEVELOPMENT_TEAM = B34M97ZY6W;
				GENERATE_INFOPLIST_FILE = YES;
				INFOPLIST_FILE = Password/Info.plist;
				INFOPLIST_KEY_UIApplicationSupportsIndirectInputEvents = YES;
				INFOPLIST_KEY_UILaunchStoryboardName = LaunchScreen;
				INFOPLIST_KEY_UISupportedInterfaceOrientations_iPad = "UIInterfaceOrientationPortrait UIInterfaceOrientationPortraitUpsideDown UIInterfaceOrientationLandscapeLeft UIInterfaceOrientationLandscapeRight";
				INFOPLIST_KEY_UISupportedInterfaceOrientations_iPhone = "UIInterfaceOrientationPortrait UIInterfaceOrientationLandscapeLeft UIInterfaceOrientationLandscapeRight";
				IPHONEOS_DEPLOYMENT_TARGET = 15.0;
				LD_RUNPATH_SEARCH_PATHS = (
					"$(inherited)",
					"@executable_path/Frameworks",
				);
				MARKETING_VERSION = 1.0;
				PRODUCT_BUNDLE_IDENTIFIER = foranewlife.Password;
				PRODUCT_NAME = "$(TARGET_NAME)";
				SWIFT_EMIT_LOC_STRINGS = YES;
				SWIFT_VERSION = 5.0;
				TARGETED_DEVICE_FAMILY = "1,2";
			};
			name = Debug;
		};
		63A13B802A39CBED00285909 /* Release */ = {
			isa = XCBuildConfiguration;
			buildSettings = {
				ASSETCATALOG_COMPILER_APPICON_NAME = AppIcon;
				ASSETCATALOG_COMPILER_GLOBAL_ACCENT_COLOR_NAME = AccentColor;
				CODE_SIGN_STYLE = Automatic;
				CURRENT_PROJECT_VERSION = 1;
				DEVELOPMENT_TEAM = B34M97ZY6W;
				GENERATE_INFOPLIST_FILE = YES;
				INFOPLIST_FILE = Password/Info.plist;
				INFOPLIST_KEY_UIApplicationSupportsIndirectInputEvents = YES;
				INFOPLIST_KEY_UILaunchStoryboardName = LaunchScreen;
				INFOPLIST_KEY_UISupportedInterfaceOrientations_iPad = "UIInterfaceOrientationPortrait UIInterfaceOrientationPortraitUpsideDown UIInterfaceOrientationLandscapeLeft UIInterfaceOrientationLandscapeRight";
				INFOPLIST_KEY_UISupportedInterfaceOrientations_iPhone = "UIInterfaceOrientationPortrait UIInterfaceOrientationLandscapeLeft UIInterfaceOrientationLandscapeRight";
				IPHONEOS_DEPLOYMENT_TARGET = 15.0;
				LD_RUNPATH_SEARCH_PATHS = (
					"$(inherited)",
					"@executable_path/Frameworks",
				);
				MARKETING_VERSION = 1.0;
				PRODUCT_BUNDLE_IDENTIFIER = foranewlife.Password;
				PRODUCT_NAME = "$(TARGET_NAME)";
				SWIFT_EMIT_LOC_STRINGS = YES;
				SWIFT_VERSION = 5.0;
				TARGETED_DEVICE_FAMILY = "1,2";
			};
			name = Release;
		};
/* End XCBuildConfiguration section */

/* Begin XCConfigurationList section */
		632BEC5F2A3FA479001DE890 /* Build configuration list for PBXNativeTarget "PasswordTests" */ = {
			isa = XCConfigurationList;
			buildConfigurations = (
				632BEC602A3FA479001DE890 /* Debug */,
				632BEC612A3FA479001DE890 /* Release */,
			);
			defaultConfigurationIsVisible = 0;
			defaultConfigurationName = Release;
		};
		63A13B652A39CBEB00285909 /* Build configuration list for PBXProject "Password" */ = {
			isa = XCConfigurationList;
			buildConfigurations = (
				63A13B7C2A39CBED00285909 /* Debug */,
				63A13B7D2A39CBED00285909 /* Release */,
			);
			defaultConfigurationIsVisible = 0;
			defaultConfigurationName = Release;
		};
		63A13B7E2A39CBED00285909 /* Build configuration list for PBXNativeTarget "Password" */ = {
			isa = XCConfigurationList;
			buildConfigurations = (
				63A13B7F2A39CBED00285909 /* Debug */,
				63A13B802A39CBED00285909 /* Release */,
			);
			defaultConfigurationIsVisible = 0;
			defaultConfigurationName = Release;
		};
/* End XCConfigurationList section */
	};
	rootObject = 63A13B622A39CBEB00285909 /* Project object */;
}
